// !$*UTF8*$!
{
	archiveVersion = 1;
	classes = {
	};
	objectVersion = 50;
	objects = {

/* Begin PBXBuildFile section */
		E63D804122019C3C00513A3D /* AppDelegate.m in Sources */ = {isa = PBXBuildFile; fileRef = E63D804022019C3C00513A3D /* AppDelegate.m */; };
		E63D804322019C4000513A3D /* Assets.xcassets in Resources */ = {isa = PBXBuildFile; fileRef = E63D804222019C4000513A3D /* Assets.xcassets */; };
		E63D804622019C4000513A3D /* MainMenu.xib in Resources */ = {isa = PBXBuildFile; fileRef = E63D804422019C4000513A3D /* MainMenu.xib */; };
		E63D804922019C4000513A3D /* main.m in Sources */ = {isa = PBXBuildFile; fileRef = E63D804822019C4000513A3D /* main.m */; };
		E63D805222019C6800513A3D /* Recoder.m in Sources */ = {isa = PBXBuildFile; fileRef = E63D805122019C6800513A3D /* Recoder.m */; };
/* End PBXBuildFile section */

/* Begin PBXFileReference section */
		E63D803C22019C3C00513A3D /* RecordScreenTest.app */ = {isa = PBXFileReference; explicitFileType = wrapper.application; includeInIndex = 0; path = RecordScreenTest.app; sourceTree = BUILT_PRODUCTS_DIR; };
		E63D803F22019C3C00513A3D /* AppDelegate.h */ = {isa = PBXFileReference; lastKnownFileType = sourcecode.c.h; path = AppDelegate.h; sourceTree = "<group>"; };
		E63D804022019C3C00513A3D /* AppDelegate.m */ = {isa = PBXFileReference; lastKnownFileType = sourcecode.c.objc; path = AppDelegate.m; sourceTree = "<group>"; };
		E63D804222019C4000513A3D /* Assets.xcassets */ = {isa = PBXFileReference; lastKnownFileType = folder.assetcatalog; path = Assets.xcassets; sourceTree = "<group>"; };
		E63D804522019C4000513A3D /* Base */ = {isa = PBXFileReference; lastKnownFileType = file.xib; name = Base; path = Base.lproj/MainMenu.xib; sourceTree = "<group>"; };
		E63D804722019C4000513A3D /* Info.plist */ = {isa = PBXFileReference; lastKnownFileType = text.plist.xml; path = Info.plist; sourceTree = "<group>"; };
		E63D804822019C4000513A3D /* main.m */ = {isa = PBXFileReference; lastKnownFileType = sourcecode.c.objc; path = main.m; sourceTree = "<group>"; };
		E63D804A22019C4000513A3D /* RecordScreenTest.entitlements */ = {isa = PBXFileReference; lastKnownFileType = text.plist.entitlements; path = RecordScreenTest.entitlements; sourceTree = "<group>"; };
		E63D805022019C6800513A3D /* Recoder.h */ = {isa = PBXFileReference; lastKnownFileType = sourcecode.c.h; path = Recoder.h; sourceTree = "<group>"; };
		E63D805122019C6800513A3D /* Recoder.m */ = {isa = PBXFileReference; lastKnownFileType = sourcecode.c.objc; path = Recoder.m; sourceTree = "<group>"; };
/* End PBXFileReference section */

/* Begin PBXFrameworksBuildPhase section */
		E63D803922019C3C00513A3D /* Frameworks */ = {
			isa = PBXFrameworksBuildPhase;
			buildActionMask = 2147483647;
			files = (
			);
			runOnlyForDeploymentPostprocessing = 0;
		};
/* End PBXFrameworksBuildPhase section */

/* Begin PBXGroup section */
		E63D803322019C3C00513A3D = {
			isa = PBXGroup;
			children = (
				E63D803E22019C3C00513A3D /* RecordScreenTest */,
				E63D803D22019C3C00513A3D /* Products */,
			);
			sourceTree = "<group>";
		};
		E63D803D22019C3C00513A3D /* Products */ = {
			isa = PBXGroup;
			children = (
				E63D803C22019C3C00513A3D /* RecordScreenTest.app */,
			);
			name = Products;
			sourceTree = "<group>";
		};
		E63D803E22019C3C00513A3D /* RecordScreenTest */ = {
			isa = PBXGroup;
			children = (
				E63D803F22019C3C00513A3D /* AppDelegate.h */,
				E63D804022019C3C00513A3D /* AppDelegate.m */,
				E63D804222019C4000513A3D /* Assets.xcassets */,
				E63D804422019C4000513A3D /* MainMenu.xib */,
				E63D804722019C4000513A3D /* Info.plist */,
				E63D804822019C4000513A3D /* main.m */,
				E63D804A22019C4000513A3D /* RecordScreenTest.entitlements */,
				E63D805022019C6800513A3D /* Recoder.h */,
				E63D805122019C6800513A3D /* Recoder.m */,
			);
			path = RecordScreenTest;
			sourceTree = "<group>";
		};
/* End PBXGroup section */

/* Begin PBXNativeTarget section */
		E63D803B22019C3C00513A3D /* RecordScreenTest */ = {
			isa = PBXNativeTarget;
			buildConfigurationList = E63D804D22019C4000513A3D /* Build configuration list for PBXNativeTarget "RecordScreenTest" */;
			buildPhases = (
				E63D803822019C3C00513A3D /* Sources */,
				E63D803922019C3C00513A3D /* Frameworks */,
				E63D803A22019C3C00513A3D /* Resources */,
			);
			buildRules = (
			);
			dependencies = (
			);
			name = RecordScreenTest;
			productName = RecordScreenTest;
			productReference = E63D803C22019C3C00513A3D /* RecordScreenTest.app */;
			productType = "com.apple.product-type.application";
		};
/* End PBXNativeTarget section */

/* Begin PBXProject section */
		E63D803422019C3C00513A3D /* Project object */ = {
			isa = PBXProject;
			attributes = {
				LastUpgradeCheck = 0940;
				ORGANIZATIONNAME = RSUPPORT;
				TargetAttributes = {
					E63D803B22019C3C00513A3D = {
						CreatedOnToolsVersion = 9.4.1;
						SystemCapabilities = {
							com.apple.Sandbox = {
								enabled = 0;
							};
						};
					};
				};
			};
			buildConfigurationList = E63D803722019C3C00513A3D /* Build configuration list for PBXProject "RecordScreenTest" */;
			compatibilityVersion = "Xcode 9.3";
			developmentRegion = en;
			hasScannedForEncodings = 0;
			knownRegions = (
				en,
				Base,
			);
			mainGroup = E63D803322019C3C00513A3D;
			productRefGroup = E63D803D22019C3C00513A3D /* Products */;
			projectDirPath = "";
			projectRoot = "";
			targets = (
				E63D803B22019C3C00513A3D /* RecordScreenTest */,
			);
		};
/* End PBXProject section */

/* Begin PBXResourcesBuildPhase section */
		E63D803A22019C3C00513A3D /* Resources */ = {
			isa = PBXResourcesBuildPhase;
			buildActionMask = 2147483647;
			files = (
				E63D804322019C4000513A3D /* Assets.xcassets in Resources */,
				E63D804622019C4000513A3D /* MainMenu.xib in Resources */,
			);
			runOnlyForDeploymentPostprocessing = 0;
		};
/* End PBXResourcesBuildPhase section */

/* Begin PBXSourcesBuildPhase section */
		E63D803822019C3C00513A3D /* Sources */ = {
			isa = PBXSourcesBuildPhase;
			buildActionMask = 2147483647;
			files = (
				E63D804922019C4000513A3D /* main.m in Sources */,
				E63D804122019C3C00513A3D /* AppDelegate.m in Sources */,
				E63D805222019C6800513A3D /* Recoder.m in Sources */,
			);
			runOnlyForDeploymentPostprocessing = 0;
		};
/* End PBXSourcesBuildPhase section */

/* Begin PBXVariantGroup section */
		E63D804422019C4000513A3D /* MainMenu.xib */ = {
			isa = PBXVariantGroup;
			children = (
				E63D804522019C4000513A3D /* Base */,
			);
			name = MainMenu.xib;
			sourceTree = "<group>";
		};
/* End PBXVariantGroup section */

/* Begin XCBuildConfiguration section */
		E63D804B22019C4000513A3D /* Debug */ = {
			isa = XCBuildConfiguration;
			buildSettings = {
				ALWAYS_SEARCH_USER_PATHS = NO;
				CLANG_ANALYZER_NONNULL = YES;
				CLANG_ANALYZER_NUMBER_OBJECT_CONVERSION = YES_AGGRESSIVE;
				CLANG_CXX_LANGUAGE_STANDARD = "gnu++14";
				CLANG_CXX_LIBRARY = "libc++";
				CLANG_ENABLE_MODULES = YES;
				CLANG_ENABLE_OBJC_ARC = YES;
				CLANG_ENABLE_OBJC_WEAK = YES;
				CLANG_WARN_BLOCK_CAPTURE_AUTORELEASING = YES;
				CLANG_WARN_BOOL_CONVERSION = YES;
				CLANG_WARN_COMMA = YES;
				CLANG_WARN_CONSTANT_CONVERSION = YES;
				CLANG_WARN_DEPRECATED_OBJC_IMPLEMENTATIONS = YES;
				CLANG_WARN_DIRECT_OBJC_ISA_USAGE = YES_ERROR;
				CLANG_WARN_DOCUMENTATION_COMMENTS = YES;
				CLANG_WARN_EMPTY_BODY = YES;
				CLANG_WARN_ENUM_CONVERSION = YES;
				CLANG_WARN_INFINITE_RECURSION = YES;
				CLANG_WARN_INT_CONVERSION = YES;
				CLANG_WARN_NON_LITERAL_NULL_CONVERSION = YES;
				CLANG_WARN_OBJC_IMPLICIT_RETAIN_SELF = YES;
				CLANG_WARN_OBJC_LITERAL_CONVERSION = YES;
				CLANG_WARN_OBJC_ROOT_CLASS = YES_ERROR;
				CLANG_WARN_RANGE_LOOP_ANALYSIS = YES;
				CLANG_WARN_STRICT_PROTOTYPES = YES;
				CLANG_WARN_SUSPICIOUS_MOVE = YES;
				CLANG_WARN_UNGUARDED_AVAILABILITY = YES_AGGRESSIVE;
				CLANG_WARN_UNREACHABLE_CODE = YES;
				CLANG_WARN__DUPLICATE_METHOD_MATCH = YES;
				CODE_SIGN_IDENTITY = "Mac Developer";
				COPY_PHASE_STRIP = NO;
				DEBUG_INFORMATION_FORMAT = dwarf;
				ENABLE_STRICT_OBJC_MSGSEND = YES;
				ENABLE_TESTABILITY = YES;
				GCC_C_LANGUAGE_STANDARD = gnu11;
				GCC_DYNAMIC_NO_PIC = NO;
				GCC_NO_COMMON_BLOCKS = YES;
				GCC_OPTIMIZATION_LEVEL = 0;
				GCC_PREPROCESSOR_DEFINITIONS = (
					"DEBUG=1",
					"$(inherited)",
				);
				GCC_WARN_64_TO_32_BIT_CONVERSION = YES;
				GCC_WARN_ABOUT_RETURN_TYPE = YES_ERROR;
				GCC_WARN_UNDECLARED_SELECTOR = YES;
				GCC_WARN_UNINITIALIZED_AUTOS = YES_AGGRESSIVE;
				GCC_WARN_UNUSED_FUNCTION = YES;
				GCC_WARN_UNUSED_VARIABLE = YES;
				MACOSX_DEPLOYMENT_TARGET = 10.14;
				MTL_ENABLE_DEBUG_INFO = YES;
				ONLY_ACTIVE_ARCH = YES;
				SDKROOT = macosx;
			};
			name = Debug;
		};
		E63D804C22019C4000513A3D /* Release */ = {
			isa = XCBuildConfiguration;
			buildSettings = {
				ALWAYS_SEARCH_USER_PATHS = NO;
				CLANG_ANALYZER_NONNULL = YES;
				CLANG_ANALYZER_NUMBER_OBJECT_CONVERSION = YES_AGGRESSIVE;
				CLANG_CXX_LANGUAGE_STANDARD = "gnu++14";
				CLANG_CXX_LIBRARY = "libc++";
				CLANG_ENABLE_MODULES = YES;
				CLANG_ENABLE_OBJC_ARC = YES;
				CLANG_ENABLE_OBJC_WEAK = YES;
				CLANG_WARN_BLOCK_CAPTURE_AUTORELEASING = YES;
				CLANG_WARN_BOOL_CONVERSION = YES;
				CLANG_WARN_COMMA = YES;
				CLANG_WARN_CONSTANT_CONVERSION = YES;
				CLANG_WARN_DEPRECATED_OBJC_IMPLEMENTATIONS = YES;
				CLANG_WARN_DIRECT_OBJC_ISA_USAGE = YES_ERROR;
				CLANG_WARN_DOCUMENTATION_COMMENTS = YES;
				CLANG_WARN_EMPTY_BODY = YES;
				CLANG_WARN_ENUM_CONVERSION = YES;
				CLANG_WARN_INFINITE_RECURSION = YES;
				CLANG_WARN_INT_CONVERSION = YES;
				CLANG_WARN_NON_LITERAL_NULL_CONVERSION = YES;
				CLANG_WARN_OBJC_IMPLICIT_RETAIN_SELF = YES;
				CLANG_WARN_OBJC_LITERAL_CONVERSION = YES;
				CLANG_WARN_OBJC_ROOT_CLASS = YES_ERROR;
				CLANG_WARN_RANGE_LOOP_ANALYSIS = YES;
				CLANG_WARN_STRICT_PROTOTYPES = YES;
				CLANG_WARN_SUSPICIOUS_MOVE = YES;
				CLANG_WARN_UNGUARDED_AVAILABILITY = YES_AGGRESSIVE;
				CLANG_WARN_UNREACHABLE_CODE = YES;
				CLANG_WARN__DUPLICATE_METHOD_MATCH = YES;
				CODE_SIGN_IDENTITY = "Mac Developer";
				COPY_PHASE_STRIP = NO;
				DEBUG_INFORMATION_FORMAT = "dwarf-with-dsym";
				ENABLE_NS_ASSERTIONS = NO;
				ENABLE_STRICT_OBJC_MSGSEND = YES;
				GCC_C_LANGUAGE_STANDARD = gnu11;
				GCC_NO_COMMON_BLOCKS = YES;
				GCC_WARN_64_TO_32_BIT_CONVERSION = YES;
				GCC_WARN_ABOUT_RETURN_TYPE = YES_ERROR;
				GCC_WARN_UNDECLARED_SELECTOR = YES;
				GCC_WARN_UNINITIALIZED_AUTOS = YES_AGGRESSIVE;
				GCC_WARN_UNUSED_FUNCTION = YES;
				GCC_WARN_UNUSED_VARIABLE = YES;
				MACOSX_DEPLOYMENT_TARGET = 10.14;
				MTL_ENABLE_DEBUG_INFO = NO;
				SDKROOT = macosx;
			};
			name = Release;
		};
		E63D804E22019C4000513A3D /* Debug */ = {
			isa = XCBuildConfiguration;
			buildSettings = {
				ASSETCATALOG_COMPILER_APPICON_NAME = AppIcon;
				CODE_SIGN_STYLE = Automatic;
				COMBINE_HIDPI_IMAGES = YES;
				DEVELOPMENT_TEAM = 99QVZWV284;
				INFOPLIST_FILE = RecordScreenTest/Info.plist;
				LD_RUNPATH_SEARCH_PATHS = (
					"$(inherited)",
					"@executable_path/../Frameworks",
				);
				MACOSX_DEPLOYMENT_TARGET = 10.13;
				PRODUCT_BUNDLE_IDENTIFIER = com.rsupport.RecordScreenTest;
				PRODUCT_NAME = "$(TARGET_NAME)";
			};
			name = Debug;
		};
		E63D804F22019C4000513A3D /* Release */ = {
			isa = XCBuildConfiguration;
			buildSettings = {
				ASSETCATALOG_COMPILER_APPICON_NAME = AppIcon;
				CODE_SIGN_STYLE = Automatic;
				COMBINE_HIDPI_IMAGES = YES;
				DEVELOPMENT_TEAM = 99QVZWV284;
				INFOPLIST_FILE = RecordScreenTest/Info.plist;
				LD_RUNPATH_SEARCH_PATHS = (
					"$(inherited)",
					"@executable_path/../Frameworks",
				);
				MACOSX_DEPLOYMENT_TARGET = 10.13;
				PRODUCT_BUNDLE_IDENTIFIER = com.rsupport.RecordScreenTest;
				PRODUCT_NAME = "$(TARGET_NAME)";
			};
			name = Release;
		};
/* End XCBuildConfiguration section */

/* Begin XCConfigurationList section */
		E63D803722019C3C00513A3D /* Build configuration list for PBXProject "RecordScreenTest" */ = {
			isa = XCConfigurationList;
			buildConfigurations = (
				E63D804B22019C4000513A3D /* Debug */,
				E63D804C22019C4000513A3D /* Release */,
			);
			defaultConfigurationIsVisible = 0;
			defaultConfigurationName = Release;
		};
		E63D804D22019C4000513A3D /* Build configuration list for PBXNativeTarget "RecordScreenTest" */ = {
			isa = XCConfigurationList;
			buildConfigurations = (
				E63D804E22019C4000513A3D /* Debug */,
				E63D804F22019C4000513A3D /* Release */,
			);
			defaultConfigurationIsVisible = 0;
			defaultConfigurationName = Release;
		};
/* End XCConfigurationList section */
	};
	rootObject = E63D803422019C3C00513A3D /* Project object */;
}
